// !$*UTF8*$!
{
	archiveVersion = 1;
	classes = {
	};
	objectVersion = 77;
	objects = {

/* Begin PBXBuildFile section */
		294FD7F52DD99AD100DDAD1A /* Assets.xcassets in Resources */ = {isa = PBXBuildFile; fileRef = 294FD7F22DD99AD100DDAD1A /* Assets.xcassets */; };
		294FD7F62DD99AD100DDAD1A /* BeerWineData.json in Resources */ = {isa = PBXBuildFile; fileRef = 294FD7EE2DD99AD100DDAD1A /* BeerWineData.json */; };
		294FD7F72DD99AD100DDAD1A /* BeerWineList.swift in Sources */ = {isa = PBXBuildFile; fileRef = 294FD7E52DD99AD100DDAD1A /* BeerWineList.swift */; };
		294FD7F82DD99AD100DDAD1A /* BigBearWineApp.swift in Sources */ = {isa = PBXBuildFile; fileRef = 294FD7F32DD99AD100DDAD1A /* BigBearWineApp.swift */; };
		294FD7F92DD99AD100DDAD1A /* ModelData.swift in Sources */ = {isa = PBXBuildFile; fileRef = 294FD7EC2DD99AD100DDAD1A /* ModelData.swift */; };
		294FD7FA2DD99AD100DDAD1A /* BeerWineDetail.swift in Sources */ = {isa = PBXBuildFile; fileRef = 294FD7E42DD99AD100DDAD1A /* BeerWineDetail.swift */; };
		294FD7FB2DD99AD100DDAD1A /* CircleImage.swift in Sources */ = {isa = PBXBuildFile; fileRef = 294FD7E72DD99AD100DDAD1A /* CircleImage.swift */; };
		294FD7FC2DD99AD100DDAD1A /* FavouriteButton.swift in Sources */ = {isa = PBXBuildFile; fileRef = 294FD7E82DD99AD100DDAD1A /* FavouriteButton.swift */; };
		294FD7FD2DD99AD100DDAD1A /* ContentView.swift in Sources */ = {isa = PBXBuildFile; fileRef = 294FD7F02DD99AD100DDAD1A /* ContentView.swift */; };
		294FD7FE2DD99AD100DDAD1A /* BeerRow.swift in Sources */ = {isa = PBXBuildFile; fileRef = 294FD7E32DD99AD100DDAD1A /* BeerRow.swift */; };
		294FD7FF2DD99AD100DDAD1A /* BeerWines.swift in Sources */ = {isa = PBXBuildFile; fileRef = 294FD7EB2DD99AD100DDAD1A /* BeerWines.swift */; };
		294FD8002DD99AD100DDAD1A /* MapView.swift in Sources */ = {isa = PBXBuildFile; fileRef = 294FD7E92DD99AD100DDAD1A /* MapView.swift */; };
		294FD8032DD99D3100DDAD1A /* CategoryHome.swift in Sources */ = {isa = PBXBuildFile; fileRef = 294FD8022DD99D3100DDAD1A /* CategoryHome.swift */; };
		299199F52DDADF3B00BB4E23 /* CategoryRow.swift in Sources */ = {isa = PBXBuildFile; fileRef = 299199F42DDADF3B00BB4E23 /* CategoryRow.swift */; };
		299199F72DDAE5AF00BB4E23 /* CategoryItem.swift in Sources */ = {isa = PBXBuildFile; fileRef = 299199F62DDAE5AF00BB4E23 /* CategoryItem.swift */; };
/* End PBXBuildFile section */

/* Begin PBXFileReference section */
		28CBBB0A2DCC2242000D1720 /* BigBearWine.app */ = {isa = PBXFileReference; explicitFileType = wrapper.application; includeInIndex = 0; path = BigBearWine.app; sourceTree = BUILT_PRODUCTS_DIR; };
		294FD7E32DD99AD100DDAD1A /* BeerRow.swift */ = {isa = PBXFileReference; lastKnownFileType = sourcecode.swift; path = BeerRow.swift; sourceTree = "<group>"; };
		294FD7E42DD99AD100DDAD1A /* BeerWineDetail.swift */ = {isa = PBXFileReference; lastKnownFileType = sourcecode.swift; path = BeerWineDetail.swift; sourceTree = "<group>"; };
		294FD7E52DD99AD100DDAD1A /* BeerWineList.swift */ = {isa = PBXFileReference; lastKnownFileType = sourcecode.swift; path = BeerWineList.swift; sourceTree = "<group>"; };
		294FD7E72DD99AD100DDAD1A /* CircleImage.swift */ = {isa = PBXFileReference; lastKnownFileType = sourcecode.swift; path = CircleImage.swift; sourceTree = "<group>"; };
		294FD7E82DD99AD100DDAD1A /* FavouriteButton.swift */ = {isa = PBXFileReference; lastKnownFileType = sourcecode.swift; path = FavouriteButton.swift; sourceTree = "<group>"; };
		294FD7E92DD99AD100DDAD1A /* MapView.swift */ = {isa = PBXFileReference; lastKnownFileType = sourcecode.swift; path = MapView.swift; sourceTree = "<group>"; };
		294FD7EB2DD99AD100DDAD1A /* BeerWines.swift */ = {isa = PBXFileReference; lastKnownFileType = sourcecode.swift; path = BeerWines.swift; sourceTree = "<group>"; };
		294FD7EC2DD99AD100DDAD1A /* ModelData.swift */ = {isa = PBXFileReference; lastKnownFileType = sourcecode.swift; path = ModelData.swift; sourceTree = "<group>"; };
		294FD7EE2DD99AD100DDAD1A /* BeerWineData.json */ = {isa = PBXFileReference; lastKnownFileType = text.json; path = BeerWineData.json; sourceTree = "<group>"; };
		294FD7F02DD99AD100DDAD1A /* ContentView.swift */ = {isa = PBXFileReference; lastKnownFileType = sourcecode.swift; path = ContentView.swift; sourceTree = "<group>"; };
		294FD7F22DD99AD100DDAD1A /* Assets.xcassets */ = {isa = PBXFileReference; lastKnownFileType = folder.assetcatalog; path = Assets.xcassets; sourceTree = "<group>"; };
		294FD7F32DD99AD100DDAD1A /* BigBearWineApp.swift */ = {isa = PBXFileReference; lastKnownFileType = sourcecode.swift; path = BigBearWineApp.swift; sourceTree = "<group>"; };
		294FD8022DD99D3100DDAD1A /* CategoryHome.swift */ = {isa = PBXFileReference; lastKnownFileType = sourcecode.swift; path = CategoryHome.swift; sourceTree = "<group>"; };
		299199F42DDADF3B00BB4E23 /* CategoryRow.swift */ = {isa = PBXFileReference; lastKnownFileType = sourcecode.swift; path = CategoryRow.swift; sourceTree = "<group>"; };
		299199F62DDAE5AF00BB4E23 /* CategoryItem.swift */ = {isa = PBXFileReference; lastKnownFileType = sourcecode.swift; path = CategoryItem.swift; sourceTree = "<group>"; };
/* End PBXFileReference section */

/* Begin PBXFrameworksBuildPhase section */
		28CBBB072DCC2242000D1720 /* Frameworks */ = {
			isa = PBXFrameworksBuildPhase;
			buildActionMask = 2147483647;
			files = (
			);
			runOnlyForDeploymentPostprocessing = 0;
		};
/* End PBXFrameworksBuildPhase section */

/* Begin PBXGroup section */
		28CBBB012DCC2242000D1720 = {
			isa = PBXGroup;
			children = (
				294FD7F42DD99AD100DDAD1A /* BigBearWine */,
				28CBBB0B2DCC2242000D1720 /* Products */,
			);
			sourceTree = "<group>";
		};
		28CBBB0B2DCC2242000D1720 /* Products */ = {
			isa = PBXGroup;
			children = (
				28CBBB0A2DCC2242000D1720 /* BigBearWine.app */,
			);
			name = Products;
			sourceTree = "<group>";
		};
		294FD7E62DD99AD100DDAD1A /* BeersWines */ = {
			isa = PBXGroup;
			children = (
				294FD7E32DD99AD100DDAD1A /* BeerRow.swift */,
				294FD7E42DD99AD100DDAD1A /* BeerWineDetail.swift */,
				294FD7E52DD99AD100DDAD1A /* BeerWineList.swift */,
			);
			path = BeersWines;
			sourceTree = "<group>";
		};
		294FD7EA2DD99AD100DDAD1A /* Helper */ = {
			isa = PBXGroup;
			children = (
				294FD7E72DD99AD100DDAD1A /* CircleImage.swift */,
				294FD7E82DD99AD100DDAD1A /* FavouriteButton.swift */,
				294FD7E92DD99AD100DDAD1A /* MapView.swift */,
			);
			path = Helper;
			sourceTree = "<group>";
		};
		294FD7ED2DD99AD100DDAD1A /* Models */ = {
			isa = PBXGroup;
			children = (
				294FD7EB2DD99AD100DDAD1A /* BeerWines.swift */,
				294FD7EC2DD99AD100DDAD1A /* ModelData.swift */,
			);
			path = Models;
			sourceTree = "<group>";
		};
		294FD7EF2DD99AD100DDAD1A /* Resource */ = {
			isa = PBXGroup;
			children = (
				294FD7EE2DD99AD100DDAD1A /* BeerWineData.json */,
			);
			path = Resource;
			sourceTree = "<group>";
		};
		294FD7F12DD99AD100DDAD1A /* Views */ = {
			isa = PBXGroup;
			children = (
				294FD7F02DD99AD100DDAD1A /* ContentView.swift */,
			);
			path = Views;
			sourceTree = "<group>";
		};
		294FD7F42DD99AD100DDAD1A /* BigBearWine */ = {
			isa = PBXGroup;
			children = (
				294FD7E62DD99AD100DDAD1A /* BeersWines */,
				294FD7EA2DD99AD100DDAD1A /* Helper */,
				294FD7ED2DD99AD100DDAD1A /* Models */,
				294FD7EF2DD99AD100DDAD1A /* Resource */,
				294FD7F12DD99AD100DDAD1A /* Views */,
				294FD7F22DD99AD100DDAD1A /* Assets.xcassets */,
				294FD7F32DD99AD100DDAD1A /* BigBearWineApp.swift */,
				294FD8012DD99C4700DDAD1A /* Categories */,
			);
			path = BigBearWine;
			sourceTree = "<group>";
		};
		294FD8012DD99C4700DDAD1A /* Categories */ = {
			isa = PBXGroup;
			children = (
				294FD8022DD99D3100DDAD1A /* CategoryHome.swift */,
				299199F42DDADF3B00BB4E23 /* CategoryRow.swift */,
				299199F62DDAE5AF00BB4E23 /* CategoryItem.swift */,
			);
			path = Categories;
			sourceTree = "<group>";
		};
/* End PBXGroup section */

/* Begin PBXNativeTarget section */
		28CBBB092DCC2242000D1720 /* BigBearWine */ = {
			isa = PBXNativeTarget;
			buildConfigurationList = 28CBBB152DCC2244000D1720 /* Build configuration list for PBXNativeTarget "BigBearWine" */;
			buildPhases = (
				28CBBB062DCC2242000D1720 /* Sources */,
				28CBBB072DCC2242000D1720 /* Frameworks */,
				28CBBB082DCC2242000D1720 /* Resources */,
			);
			buildRules = (
			);
			dependencies = (
			);
			name = BigBearWine;
			packageProductDependencies = (
			);
			productName = BigBearWine;
			productReference = 28CBBB0A2DCC2242000D1720 /* BigBearWine.app */;
			productType = "com.apple.product-type.application";
		};
/* End PBXNativeTarget section */

/* Begin PBXProject section */
		28CBBB022DCC2242000D1720 /* Project object */ = {
			isa = PBXProject;
			attributes = {
				BuildIndependentTargetsInParallel = 1;
				LastSwiftUpdateCheck = 1630;
				LastUpgradeCheck = 1630;
				TargetAttributes = {
					28CBBB092DCC2242000D1720 = {
						CreatedOnToolsVersion = 16.3;
					};
				};
			};
			buildConfigurationList = 28CBBB052DCC2242000D1720 /* Build configuration list for PBXProject "BigBearWine" */;
			developmentRegion = en;
			hasScannedForEncodings = 0;
			knownRegions = (
				en,
				Base,
			);
			mainGroup = 28CBBB012DCC2242000D1720;
			minimizedProjectReferenceProxies = 1;
			preferredProjectObjectVersion = 77;
			productRefGroup = 28CBBB0B2DCC2242000D1720 /* Products */;
			projectDirPath = "";
			projectRoot = "";
			targets = (
				28CBBB092DCC2242000D1720 /* BigBearWine */,
			);
		};
/* End PBXProject section */

/* Begin PBXResourcesBuildPhase section */
		28CBBB082DCC2242000D1720 /* Resources */ = {
			isa = PBXResourcesBuildPhase;
			buildActionMask = 2147483647;
			files = (
				294FD7F52DD99AD100DDAD1A /* Assets.xcassets in Resources */,
				294FD7F62DD99AD100DDAD1A /* BeerWineData.json in Resources */,
			);
			runOnlyForDeploymentPostprocessing = 0;
		};
/* End PBXResourcesBuildPhase section */

/* Begin PBXSourcesBuildPhase section */
		28CBBB062DCC2242000D1720 /* Sources */ = {
			isa = PBXSourcesBuildPhase;
			buildActionMask = 2147483647;
			files = (
				294FD8032DD99D3100DDAD1A /* CategoryHome.swift in Sources */,
				294FD7F72DD99AD100DDAD1A /* BeerWineList.swift in Sources */,
				294FD7F82DD99AD100DDAD1A /* BigBearWineApp.swift in Sources */,
				294FD7F92DD99AD100DDAD1A /* ModelData.swift in Sources */,
				294FD7FA2DD99AD100DDAD1A /* BeerWineDetail.swift in Sources */,
				294FD7FB2DD99AD100DDAD1A /* CircleImage.swift in Sources */,
				294FD7FC2DD99AD100DDAD1A /* FavouriteButton.swift in Sources */,
				294FD7FD2DD99AD100DDAD1A /* ContentView.swift in Sources */,
				299199F72DDAE5AF00BB4E23 /* CategoryItem.swift in Sources */,
				294FD7FE2DD99AD100DDAD1A /* BeerRow.swift in Sources */,
				294FD7FF2DD99AD100DDAD1A /* BeerWines.swift in Sources */,
				299199F52DDADF3B00BB4E23 /* CategoryRow.swift in Sources */,
				294FD8002DD99AD100DDAD1A /* MapView.swift in Sources */,
			);
			runOnlyForDeploymentPostprocessing = 0;
		};
/* End PBXSourcesBuildPhase section */

/* Begin XCBuildConfiguration section */
		28CBBB132DCC2244000D1720 /* Debug */ = {
			isa = XCBuildConfiguration;
			buildSettings = {
				ALWAYS_SEARCH_USER_PATHS = NO;
				ASSETCATALOG_COMPILER_GENERATE_SWIFT_ASSET_SYMBOL_EXTENSIONS = YES;
				CLANG_ANALYZER_NONNULL = YES;
				CLANG_ANALYZER_NUMBER_OBJECT_CONVERSION = YES_AGGRESSIVE;
				CLANG_CXX_LANGUAGE_STANDARD = "gnu++20";
				CLANG_ENABLE_MODULES = YES;
				CLANG_ENABLE_OBJC_ARC = YES;
				CLANG_ENABLE_OBJC_WEAK = YES;
				CLANG_WARN_BLOCK_CAPTURE_AUTORELEASING = YES;
				CLANG_WARN_BOOL_CONVERSION = YES;
				CLANG_WARN_COMMA = YES;
				CLANG_WARN_CONSTANT_CONVERSION = YES;
				CLANG_WARN_DEPRECATED_OBJC_IMPLEMENTATIONS = YES;
				CLANG_WARN_DIRECT_OBJC_ISA_USAGE = YES_ERROR;
				CLANG_WARN_DOCUMENTATION_COMMENTS = YES;
				CLANG_WARN_EMPTY_BODY = YES;
				CLANG_WARN_ENUM_CONVERSION = YES;
				CLANG_WARN_INFINITE_RECURSION = YES;
				CLANG_WARN_INT_CONVERSION = YES;
				CLANG_WARN_NON_LITERAL_NULL_CONVERSION = YES;
				CLANG_WARN_OBJC_IMPLICIT_RETAIN_SELF = YES;
				CLANG_WARN_OBJC_LITERAL_CONVERSION = YES;
				CLANG_WARN_OBJC_ROOT_CLASS = YES_ERROR;
				CLANG_WARN_QUOTED_INCLUDE_IN_FRAMEWORK_HEADER = YES;
				CLANG_WARN_RANGE_LOOP_ANALYSIS = YES;
				CLANG_WARN_STRICT_PROTOTYPES = YES;
				CLANG_WARN_SUSPICIOUS_MOVE = YES;
				CLANG_WARN_UNGUARDED_AVAILABILITY = YES_AGGRESSIVE;
				CLANG_WARN_UNREACHABLE_CODE = YES;
				CLANG_WARN__DUPLICATE_METHOD_MATCH = YES;
				COPY_PHASE_STRIP = NO;
				DEBUG_INFORMATION_FORMAT = dwarf;
				ENABLE_STRICT_OBJC_MSGSEND = YES;
				ENABLE_TESTABILITY = YES;
				ENABLE_USER_SCRIPT_SANDBOXING = YES;
				GCC_C_LANGUAGE_STANDARD = gnu17;
				GCC_DYNAMIC_NO_PIC = NO;
				GCC_NO_COMMON_BLOCKS = YES;
				GCC_OPTIMIZATION_LEVEL = 0;
				GCC_PREPROCESSOR_DEFINITIONS = (
					"DEBUG=1",
					"$(inherited)",
				);
				GCC_WARN_64_TO_32_BIT_CONVERSION = YES;
				GCC_WARN_ABOUT_RETURN_TYPE = YES_ERROR;
				GCC_WARN_UNDECLARED_SELECTOR = YES;
				GCC_WARN_UNINITIALIZED_AUTOS = YES_AGGRESSIVE;
				GCC_WARN_UNUSED_FUNCTION = YES;
				GCC_WARN_UNUSED_VARIABLE = YES;
				IPHONEOS_DEPLOYMENT_TARGET = 18.4;
				LOCALIZATION_PREFERS_STRING_CATALOGS = YES;
				MTL_ENABLE_DEBUG_INFO = INCLUDE_SOURCE;
				MTL_FAST_MATH = YES;
				ONLY_ACTIVE_ARCH = YES;
				SDKROOT = iphoneos;
				SWIFT_ACTIVE_COMPILATION_CONDITIONS = "DEBUG $(inherited)";
				SWIFT_OPTIMIZATION_LEVEL = "-Onone";
				SWIFT_VERSION = 6.0;
			};
			name = Debug;
		};
		28CBBB142DCC2244000D1720 /* Release */ = {
			isa = XCBuildConfiguration;
			buildSettings = {
				ALWAYS_SEARCH_USER_PATHS = NO;
				ASSETCATALOG_COMPILER_GENERATE_SWIFT_ASSET_SYMBOL_EXTENSIONS = YES;
				CLANG_ANALYZER_NONNULL = YES;
				CLANG_ANALYZER_NUMBER_OBJECT_CONVERSION = YES_AGGRESSIVE;
				CLANG_CXX_LANGUAGE_STANDARD = "gnu++20";
				CLANG_ENABLE_MODULES = YES;
				CLANG_ENABLE_OBJC_ARC = YES;
				CLANG_ENABLE_OBJC_WEAK = YES;
				CLANG_WARN_BLOCK_CAPTURE_AUTORELEASING = YES;
				CLANG_WARN_BOOL_CONVERSION = YES;
				CLANG_WARN_COMMA = YES;
				CLANG_WARN_CONSTANT_CONVERSION = YES;
				CLANG_WARN_DEPRECATED_OBJC_IMPLEMENTATIONS = YES;
				CLANG_WARN_DIRECT_OBJC_ISA_USAGE = YES_ERROR;
				CLANG_WARN_DOCUMENTATION_COMMENTS = YES;
				CLANG_WARN_EMPTY_BODY = YES;
				CLANG_WARN_ENUM_CONVERSION = YES;
				CLANG_WARN_INFINITE_RECURSION = YES;
				CLANG_WARN_INT_CONVERSION = YES;
				CLANG_WARN_NON_LITERAL_NULL_CONVERSION = YES;
				CLANG_WARN_OBJC_IMPLICIT_RETAIN_SELF = YES;
				CLANG_WARN_OBJC_LITERAL_CONVERSION = YES;
				CLANG_WARN_OBJC_ROOT_CLASS = YES_ERROR;
				CLANG_WARN_QUOTED_INCLUDE_IN_FRAMEWORK_HEADER = YES;
				CLANG_WARN_RANGE_LOOP_ANALYSIS = YES;
				CLANG_WARN_STRICT_PROTOTYPES = YES;
				CLANG_WARN_SUSPICIOUS_MOVE = YES;
				CLANG_WARN_UNGUARDED_AVAILABILITY = YES_AGGRESSIVE;
				CLANG_WARN_UNREACHABLE_CODE = YES;
				CLANG_WARN__DUPLICATE_METHOD_MATCH = YES;
				COPY_PHASE_STRIP = NO;
				DEBUG_INFORMATION_FORMAT = "dwarf-with-dsym";
				ENABLE_NS_ASSERTIONS = NO;
				ENABLE_STRICT_OBJC_MSGSEND = YES;
				ENABLE_USER_SCRIPT_SANDBOXING = YES;
				GCC_C_LANGUAGE_STANDARD = gnu17;
				GCC_NO_COMMON_BLOCKS = YES;
				GCC_WARN_64_TO_32_BIT_CONVERSION = YES;
				GCC_WARN_ABOUT_RETURN_TYPE = YES_ERROR;
				GCC_WARN_UNDECLARED_SELECTOR = YES;
				GCC_WARN_UNINITIALIZED_AUTOS = YES_AGGRESSIVE;
				GCC_WARN_UNUSED_FUNCTION = YES;
				GCC_WARN_UNUSED_VARIABLE = YES;
				IPHONEOS_DEPLOYMENT_TARGET = 18.4;
				LOCALIZATION_PREFERS_STRING_CATALOGS = YES;
				MTL_ENABLE_DEBUG_INFO = NO;
				MTL_FAST_MATH = YES;
				SDKROOT = iphoneos;
				SWIFT_COMPILATION_MODE = wholemodule;
				SWIFT_VERSION = 6.0;
				VALIDATE_PRODUCT = YES;
			};
			name = Release;
		};
		28CBBB162DCC2244000D1720 /* Debug */ = {
			isa = XCBuildConfiguration;
			buildSettings = {
				ASSETCATALOG_COMPILER_APPICON_NAME = AppIcon;
				ASSETCATALOG_COMPILER_GLOBAL_ACCENT_COLOR_NAME = AccentColor;
				CODE_SIGN_STYLE = Automatic;
				CURRENT_PROJECT_VERSION = 1;
				ENABLE_PREVIEWS = YES;
				GENERATE_INFOPLIST_FILE = YES;
				INFOPLIST_KEY_UIApplicationSceneManifest_Generation = YES;
				INFOPLIST_KEY_UIApplicationSupportsIndirectInputEvents = YES;
				INFOPLIST_KEY_UILaunchScreen_Generation = YES;
				INFOPLIST_KEY_UISupportedInterfaceOrientations_iPad = "UIInterfaceOrientationPortrait UIInterfaceOrientationPortraitUpsideDown UIInterfaceOrientationLandscapeLeft UIInterfaceOrientationLandscapeRight";
				INFOPLIST_KEY_UISupportedInterfaceOrientations_iPhone = "UIInterfaceOrientationPortrait UIInterfaceOrientationLandscapeLeft UIInterfaceOrientationLandscapeRight";
				LD_RUNPATH_SEARCH_PATHS = (
					"$(inherited)",
					"@executable_path/Frameworks",
				);
				MARKETING_VERSION = 1.0;
				PRODUCT_BUNDLE_IDENTIFIER = BigBear.BigBearWine;
				PRODUCT_NAME = "$(TARGET_NAME)";
				SWIFT_EMIT_LOC_STRINGS = YES;
				SWIFT_VERSION = 6.0;
				TARGETED_DEVICE_FAMILY = "1,2";
			};
			name = Debug;
		};
		28CBBB172DCC2244000D1720 /* Release */ = {
			isa = XCBuildConfiguration;
			buildSettings = {
				ASSETCATALOG_COMPILER_APPICON_NAME = AppIcon;
				ASSETCATALOG_COMPILER_GLOBAL_ACCENT_COLOR_NAME = AccentColor;
				CODE_SIGN_STYLE = Automatic;
				CURRENT_PROJECT_VERSION = 1;
				ENABLE_PREVIEWS = YES;
				GENERATE_INFOPLIST_FILE = YES;
				INFOPLIST_KEY_UIApplicationSceneManifest_Generation = YES;
				INFOPLIST_KEY_UIApplicationSupportsIndirectInputEvents = YES;
				INFOPLIST_KEY_UILaunchScreen_Generation = YES;
				INFOPLIST_KEY_UISupportedInterfaceOrientations_iPad = "UIInterfaceOrientationPortrait UIInterfaceOrientationPortraitUpsideDown UIInterfaceOrientationLandscapeLeft UIInterfaceOrientationLandscapeRight";
				INFOPLIST_KEY_UISupportedInterfaceOrientations_iPhone = "UIInterfaceOrientationPortrait UIInterfaceOrientationLandscapeLeft UIInterfaceOrientationLandscapeRight";
				LD_RUNPATH_SEARCH_PATHS = (
					"$(inherited)",
					"@executable_path/Frameworks",
				);
				MARKETING_VERSION = 1.0;
				PRODUCT_BUNDLE_IDENTIFIER = BigBear.BigBearWine;
				PRODUCT_NAME = "$(TARGET_NAME)";
				SWIFT_EMIT_LOC_STRINGS = YES;
				SWIFT_VERSION = 6.0;
				TARGETED_DEVICE_FAMILY = "1,2";
			};
			name = Release;
		};
/* End XCBuildConfiguration section */

/* Begin XCConfigurationList section */
		28CBBB052DCC2242000D1720 /* Build configuration list for PBXProject "BigBearWine" */ = {
			isa = XCConfigurationList;
			buildConfigurations = (
				28CBBB132DCC2244000D1720 /* Debug */,
				28CBBB142DCC2244000D1720 /* Release */,
			);
			defaultConfigurationIsVisible = 0;
			defaultConfigurationName = Release;
		};
		28CBBB152DCC2244000D1720 /* Build configuration list for PBXNativeTarget "BigBearWine" */ = {
			isa = XCConfigurationList;
			buildConfigurations = (
				28CBBB162DCC2244000D1720 /* Debug */,
				28CBBB172DCC2244000D1720 /* Release */,
			);
			defaultConfigurationIsVisible = 0;
			defaultConfigurationName = Release;
		};
/* End XCConfigurationList section */
	};
	rootObject = 28CBBB022DCC2242000D1720 /* Project object */;
}
